
Microsoft Visual Studio Solution File, Format Version 12.00
# Visual Studio Version 17
VisualStudioVersion = 17.5.33414.496
MinimumVisualStudioVersion = 10.0.40219.1
Project("{FAE04EC0-301F-11D3-BF4B-00C04F79EFBC}") = "DotnetDacMigration", "src\DotnetDacMigration\DotnetDacMigration.csproj", "{5CCE2CD9-EAF3-4CA2-A826-95C409AB004E}"
EndProject
Global
	GlobalSection(SolutionConfigurationPlatforms) = preSolution
		Debug|Any CPU = Debug|Any CPU
		Release|Any CPU = Release|Any CPU
	EndGlobalSection
	GlobalSection(ProjectConfigurationPlatforms) = postSolution
		{5CCE2CD9-EAF3-4CA2-A826-95C409AB004E}.Debug|Any CPU.ActiveCfg = Debug|Any CPU
		{5CCE2CD9-EAF3-4CA2-A826-95C409AB004E}.Debug|Any CPU.Build.0 = Debug|Any CPU
		{5CCE2CD9-EAF3-4CA2-A826-95C409AB004E}.Release|Any CPU.ActiveCfg = Release|Any CPU
		{5CCE2CD9-EAF3-4CA2-A826-95C409AB004E}.Release|Any CPU.Build.0 = Release|Any CPU
	EndGlobalSection
	GlobalSection(SolutionProperties) = preSolution
		HideSolutionNode = FALSE
	EndGlobalSection
	GlobalSection(ExtensibilityGlobals) = postSolution
		SolutionGuid = {2E6D568C-FB76-4483-812F-ACE8264C319B}
	EndGlobalSection
EndGlobal
